{
    "requires": true,
    "lockfileVersion": 1,
    "dependencies": {
        "autonumeric": {
            "version": "4.5.4",
            "resolved": "https://registry.npmjs.org/autonumeric/-/autonumeric-4.5.4.tgz",
            "integrity": "sha512-tdPvLHB3QoJ3SZnjb6MD34tXOtn1aKb53if3eWQmAe3rEWfONKgSzvn2ZdigQRYHYf2Sr76JSmWjia/mY1KehQ=="
        }
    }
}
